
Microsoft Visual Studio Solution File, Format Version 12.00
# Visual Studio Version 17
VisualStudioVersion = 17.8.34408.163
MinimumVisualStudioVersion = 10.0.40219.1
Project("{2150E333-8FDC-42A3-9474-1A3956D46DE8}") = "src", "src", "{457917CE-3F2C-49B7-925A-CEB80EAF41F0}"
EndProject
Project("{2150E333-8FDC-42A3-9474-1A3956D46DE8}") = "tests", "tests", "{01B49898-7DC2-4918-8EC8-BD566310543D}"
EndProject
Project("{9A19103F-16F7-4668-BE54-9A1E7A4F7556}") = "Articles.Api", "src\Articles\Articles.Api\Articles.Api.csproj", "{9CF60058-0625-4478-AF21-C787366FB0CC}"
EndProject
Project("{2150E333-8FDC-42A3-9474-1A3956D46DE8}") = "Articles", "Articles", "{D2BE6F19-8424-4FA7-90D7-311BB0556C83}"
EndProject
Project("{2150E333-8FDC-42A3-9474-1A3956D46DE8}") = "Users", "Users", "{B4F3371A-8CBC-4417-A4DB-CD5963670BA8}"
EndProject
Project("{9A19103F-16F7-4668-BE54-9A1E7A4F7556}") = "Articles.Data", "src\Articles\Articles.Data\Articles.Data.csproj", "{BEFD8BBB-C7B7-4CCF-B5BC-6E509A66D41D}"
EndProject
Project("{9A19103F-16F7-4668-BE54-9A1E7A4F7556}") = "Articles.Domain", "src\Articles\Articles.Domain\Articles.Domain.csproj", "{D4310279-B529-40D3-8D6A-1086A16CEE18}"
EndProject
Project("{2150E333-8FDC-42A3-9474-1A3956D46DE8}") = "BuildingBlocks", "BuildingBlocks", "{C48556D8-0A68-42CC-85B2-FE4F6D71ABA6}"
EndProject
Project("{9A19103F-16F7-4668-BE54-9A1E7A4F7556}") = "SharedKernel", "src\BuildingBlocks\SharedKernel\SharedKernel.csproj", "{E265A19B-49AB-4466-9D1A-83C35E6FD055}"
EndProject
Project("{2150E333-8FDC-42A3-9474-1A3956D46DE8}") = "services", "services", "{47CCAD93-CC52-4A04-ACFD-239E008285F5}"
EndProject
Project("{2150E333-8FDC-42A3-9474-1A3956D46DE8}") = "Solution Items", "Solution Items", "{AD7E5554-9AB1-4F22-8ABF-1A937597B80D}"
EndProject
Project("{E53339B2-1760-4266-BCC7-CA923CBCF16C}") = "docker-compose", "docker-compose.dcproj", "{BBCB64DF-247D-4C46-863C-1464DE6DDD3F}"
EndProject
Project("{FAE04EC0-301F-11D3-BF4B-00C04F79EFBC}") = "Users.Api", "src\Users\Users.Api\Users.Api.csproj", "{4CBB18B3-FB2F-4316-97AC-854E337A175A}"
EndProject
Global
	GlobalSection(SolutionConfigurationPlatforms) = preSolution
		Debug|Any CPU = Debug|Any CPU
		Release|Any CPU = Release|Any CPU
	EndGlobalSection
	GlobalSection(ProjectConfigurationPlatforms) = postSolution
		{9CF60058-0625-4478-AF21-C787366FB0CC}.Debug|Any CPU.ActiveCfg = Debug|Any CPU
		{9CF60058-0625-4478-AF21-C787366FB0CC}.Debug|Any CPU.Build.0 = Debug|Any CPU
		{9CF60058-0625-4478-AF21-C787366FB0CC}.Release|Any CPU.ActiveCfg = Release|Any CPU
		{9CF60058-0625-4478-AF21-C787366FB0CC}.Release|Any CPU.Build.0 = Release|Any CPU
		{BEFD8BBB-C7B7-4CCF-B5BC-6E509A66D41D}.Debug|Any CPU.ActiveCfg = Debug|Any CPU
		{BEFD8BBB-C7B7-4CCF-B5BC-6E509A66D41D}.Debug|Any CPU.Build.0 = Debug|Any CPU
		{BEFD8BBB-C7B7-4CCF-B5BC-6E509A66D41D}.Release|Any CPU.ActiveCfg = Release|Any CPU
		{BEFD8BBB-C7B7-4CCF-B5BC-6E509A66D41D}.Release|Any CPU.Build.0 = Release|Any CPU
		{D4310279-B529-40D3-8D6A-1086A16CEE18}.Debug|Any CPU.ActiveCfg = Debug|Any CPU
		{D4310279-B529-40D3-8D6A-1086A16CEE18}.Debug|Any CPU.Build.0 = Debug|Any CPU
		{D4310279-B529-40D3-8D6A-1086A16CEE18}.Release|Any CPU.ActiveCfg = Release|Any CPU
		{D4310279-B529-40D3-8D6A-1086A16CEE18}.Release|Any CPU.Build.0 = Release|Any CPU
		{E265A19B-49AB-4466-9D1A-83C35E6FD055}.Debug|Any CPU.ActiveCfg = Debug|Any CPU
		{E265A19B-49AB-4466-9D1A-83C35E6FD055}.Debug|Any CPU.Build.0 = Debug|Any CPU
		{E265A19B-49AB-4466-9D1A-83C35E6FD055}.Release|Any CPU.ActiveCfg = Release|Any CPU
		{E265A19B-49AB-4466-9D1A-83C35E6FD055}.Release|Any CPU.Build.0 = Release|Any CPU
		{BBCB64DF-247D-4C46-863C-1464DE6DDD3F}.Debug|Any CPU.ActiveCfg = Debug|Any CPU
		{BBCB64DF-247D-4C46-863C-1464DE6DDD3F}.Debug|Any CPU.Build.0 = Debug|Any CPU
		{BBCB64DF-247D-4C46-863C-1464DE6DDD3F}.Release|Any CPU.ActiveCfg = Release|Any CPU
		{BBCB64DF-247D-4C46-863C-1464DE6DDD3F}.Release|Any CPU.Build.0 = Release|Any CPU
		{4CBB18B3-FB2F-4316-97AC-854E337A175A}.Debug|Any CPU.ActiveCfg = Debug|Any CPU
		{4CBB18B3-FB2F-4316-97AC-854E337A175A}.Debug|Any CPU.Build.0 = Debug|Any CPU
		{4CBB18B3-FB2F-4316-97AC-854E337A175A}.Release|Any CPU.ActiveCfg = Release|Any CPU
		{4CBB18B3-FB2F-4316-97AC-854E337A175A}.Release|Any CPU.Build.0 = Release|Any CPU
	EndGlobalSection
	GlobalSection(SolutionProperties) = preSolution
		HideSolutionNode = FALSE
	EndGlobalSection
	GlobalSection(NestedProjects) = preSolution
		{9CF60058-0625-4478-AF21-C787366FB0CC} = {D2BE6F19-8424-4FA7-90D7-311BB0556C83}
		{D2BE6F19-8424-4FA7-90D7-311BB0556C83} = {47CCAD93-CC52-4A04-ACFD-239E008285F5}
		{B4F3371A-8CBC-4417-A4DB-CD5963670BA8} = {47CCAD93-CC52-4A04-ACFD-239E008285F5}
		{BEFD8BBB-C7B7-4CCF-B5BC-6E509A66D41D} = {D2BE6F19-8424-4FA7-90D7-311BB0556C83}
		{D4310279-B529-40D3-8D6A-1086A16CEE18} = {D2BE6F19-8424-4FA7-90D7-311BB0556C83}
		{C48556D8-0A68-42CC-85B2-FE4F6D71ABA6} = {457917CE-3F2C-49B7-925A-CEB80EAF41F0}
		{E265A19B-49AB-4466-9D1A-83C35E6FD055} = {C48556D8-0A68-42CC-85B2-FE4F6D71ABA6}
		{47CCAD93-CC52-4A04-ACFD-239E008285F5} = {457917CE-3F2C-49B7-925A-CEB80EAF41F0}
		{BBCB64DF-247D-4C46-863C-1464DE6DDD3F} = {AD7E5554-9AB1-4F22-8ABF-1A937597B80D}
		{4CBB18B3-FB2F-4316-97AC-854E337A175A} = {B4F3371A-8CBC-4417-A4DB-CD5963670BA8}
	EndGlobalSection
	GlobalSection(ExtensibilityGlobals) = postSolution
		SolutionGuid = {E74016BF-B3D0-48AE-936C-A97A02BC33CD}
	EndGlobalSection
EndGlobal
